
Microsoft Visual Studio Solution File, Format Version 10.00
# Visual Studio 2008
Project("{00000000-0000-0000-0000-000000000000}") = "Hacksaw", "Hacksaw.vbproj", "{8000924E-C50C-4668-B451-640A78CFE19D}"
EndProject
Global
	GlobalSection(SolutionConfigurationPlatforms) = preSolution
		Debug|Any CPU = Debug|Any CPU
		Release|Any CPU = Release|Any CPU
	EndGlobalSection
	GlobalSection(ProjectConfigurationPlatforms) = postSolution
		{8000924E-C50C-4668-B451-640A78CFE19D}.Debug|Any CPU.ActiveCfg = Debug|Any CPU
		{8000924E-C50C-4668-B451-640A78CFE19D}.Debug|Any CPU.Build.0 = Debug|Any CPU
		{8000924E-C50C-4668-B451-640A78CFE19D}.Release|Any CPU.ActiveCfg = Release|Any CPU
		{8000924E-C50C-4668-B451-640A78CFE19D}.Release|Any CPU.Build.0 = Release|Any CPU
	EndGlobalSection
	GlobalSection(SolutionProperties) = preSolution
		HideSolutionNode = FALSE
	EndGlobalSection
EndGlobal
